
Microsoft Visual Studio Solution File, Format Version 12.00
# Visual Studio Version 16
VisualStudioVersion = 16.0.30503.244
MinimumVisualStudioVersion = 10.0.40219.1
Project("{9092AA53-FB77-4645-B42D-1CCCA6BD08BD}") = "Expert Finder", "Expert Finder\Expert Finder.njsproj", "{4EF25474-070C-436C-AA16-09424B7F56D1}"
EndProject
Global
	GlobalSection(SolutionConfigurationPlatforms) = preSolution
		Debug|Any CPU = Debug|Any CPU
		Release|Any CPU = Release|Any CPU
	EndGlobalSection
	GlobalSection(ProjectConfigurationPlatforms) = postSolution
		{4EF25474-070C-436C-AA16-09424B7F56D1}.Debug|Any CPU.ActiveCfg = Debug|Any CPU
		{4EF25474-070C-436C-AA16-09424B7F56D1}.Debug|Any CPU.Build.0 = Debug|Any CPU
		{4EF25474-070C-436C-AA16-09424B7F56D1}.Release|Any CPU.ActiveCfg = Release|Any CPU
		{4EF25474-070C-436C-AA16-09424B7F56D1}.Release|Any CPU.Build.0 = Release|Any CPU
	EndGlobalSection
	GlobalSection(SolutionProperties) = preSolution
		HideSolutionNode = FALSE
	EndGlobalSection
	GlobalSection(ExtensibilityGlobals) = postSolution
		SolutionGuid = {03867D24-22CA-49B4-AF9F-C11E814BB9B6}
	EndGlobalSection
EndGlobal
