
Microsoft Visual Studio Solution File, Format Version 12.00
# Visual Studio Version 16
VisualStudioVersion = 16.0.30503.244
MinimumVisualStudioVersion = 10.0.40219.1
Project("{9092AA53-FB77-4645-B42D-1CCCA6BD08BD}") = "Expert Finder", "NodejsWebApp1\Expert Finder.njsproj", "{83FDE079-E282-443B-9895-A9E742F37A20}"
EndProject
Global
	GlobalSection(SolutionConfigurationPlatforms) = preSolution
		Debug|Any CPU = Debug|Any CPU
		Release|Any CPU = Release|Any CPU
	EndGlobalSection
	GlobalSection(ProjectConfigurationPlatforms) = postSolution
		{83FDE079-E282-443B-9895-A9E742F37A20}.Debug|Any CPU.ActiveCfg = Debug|Any CPU
		{83FDE079-E282-443B-9895-A9E742F37A20}.Debug|Any CPU.Build.0 = Debug|Any CPU
		{83FDE079-E282-443B-9895-A9E742F37A20}.Release|Any CPU.ActiveCfg = Release|Any CPU
		{83FDE079-E282-443B-9895-A9E742F37A20}.Release|Any CPU.Build.0 = Release|Any CPU
	EndGlobalSection
	GlobalSection(SolutionProperties) = preSolution
		HideSolutionNode = FALSE
	EndGlobalSection
	GlobalSection(ExtensibilityGlobals) = postSolution
		SolutionGuid = {32C037B1-3623-43D1-ACA3-DCDA6319EEA1}
	EndGlobalSection
EndGlobal
